
Microsoft Visual Studio Solution File, Format Version 12.00
# Visual Studio 15
VisualStudioVersion = 15.0.28010.2003
MinimumVisualStudioVersion = 10.0.40219.1
Project("{FAE04EC0-301F-11D3-BF4B-00C04F79EFBC}") = "MyWpfWithSetupExampleApp", "MyWpfWithSetupExampleApp\MyWpfWithSetupExampleApp.csproj", "{214D76DA-1E31-480B-B47D-4EBE3C420430}"
EndProject
Global
	GlobalSection(SolutionConfigurationPlatforms) = preSolution
		Debug|Any CPU = Debug|Any CPU
		Release|Any CPU = Release|Any CPU
	EndGlobalSection
	GlobalSection(ProjectConfigurationPlatforms) = postSolution
		{214D76DA-1E31-480B-B47D-4EBE3C420430}.Debug|Any CPU.ActiveCfg = Debug|Any CPU
		{214D76DA-1E31-480B-B47D-4EBE3C420430}.Debug|Any CPU.Build.0 = Debug|Any CPU
		{214D76DA-1E31-480B-B47D-4EBE3C420430}.Release|Any CPU.ActiveCfg = Release|Any CPU
		{214D76DA-1E31-480B-B47D-4EBE3C420430}.Release|Any CPU.Build.0 = Release|Any CPU
	EndGlobalSection
	GlobalSection(SolutionProperties) = preSolution
		HideSolutionNode = FALSE
	EndGlobalSection
	GlobalSection(ExtensibilityGlobals) = postSolution
		SolutionGuid = {1D442B72-1814-402B-AA30-8ABA09F8BA1B}
	EndGlobalSection
EndGlobal
